
Microsoft Visual Studio Solution File, Format Version 12.00
# Visual Studio Version 16
VisualStudioVersion = 16.0.31729.503
MinimumVisualStudioVersion = 10.0.40219.1
Project("{FAE04EC0-301F-11D3-BF4B-00C04F79EFBC}") = "ClassCreator", "ClassCreator\ClassCreator.csproj", "{183E252E-F7CA-4E56-A76F-31D84E7D3D79}"
EndProject
Global
	GlobalSection(SolutionConfigurationPlatforms) = preSolution
		Debug|Any CPU = Debug|Any CPU
		Release|Any CPU = Release|Any CPU
	EndGlobalSection
	GlobalSection(ProjectConfigurationPlatforms) = postSolution
		{183E252E-F7CA-4E56-A76F-31D84E7D3D79}.Debug|Any CPU.ActiveCfg = Debug|Any CPU
		{183E252E-F7CA-4E56-A76F-31D84E7D3D79}.Debug|Any CPU.Build.0 = Debug|Any CPU
		{183E252E-F7CA-4E56-A76F-31D84E7D3D79}.Release|Any CPU.ActiveCfg = Release|Any CPU
		{183E252E-F7CA-4E56-A76F-31D84E7D3D79}.Release|Any CPU.Build.0 = Release|Any CPU
	EndGlobalSection
	GlobalSection(SolutionProperties) = preSolution
		HideSolutionNode = FALSE
	EndGlobalSection
	GlobalSection(ExtensibilityGlobals) = postSolution
		SolutionGuid = {2AB0EFEF-7E10-4BAB-A335-CD6E3C8781A0}
	EndGlobalSection
EndGlobal
